// !$*UTF8*$!
{
	archiveVersion = 1;
	classes = {
	};
	objectVersion = 50;
	objects = {

/* Begin PBXBuildFile section */
		FA0A8C1C234C8AE300C469BC /* UIView+Extension.swift in Sources */ = {isa = PBXBuildFile; fileRef = FA0A8C1B234C8AE300C469BC /* UIView+Extension.swift */; };
		FA6D4824234CB315007E0991 /* PostViewController.swift in Sources */ = {isa = PBXBuildFile; fileRef = FA6D4823234CB315007E0991 /* PostViewController.swift */; };
		FA85ECC7234A5E7C00C6EBF4 /* AppDelegate.swift in Sources */ = {isa = PBXBuildFile; fileRef = FA85ECC6234A5E7C00C6EBF4 /* AppDelegate.swift */; };
		FA85ECC9234A5E7C00C6EBF4 /* SceneDelegate.swift in Sources */ = {isa = PBXBuildFile; fileRef = FA85ECC8234A5E7C00C6EBF4 /* SceneDelegate.swift */; };
		FA85ECCB234A5E7C00C6EBF4 /* ViewController.swift in Sources */ = {isa = PBXBuildFile; fileRef = FA85ECCA234A5E7C00C6EBF4 /* ViewController.swift */; };
		FA85ECCE234A5E7C00C6EBF4 /* Main.storyboard in Resources */ = {isa = PBXBuildFile; fileRef = FA85ECCC234A5E7C00C6EBF4 /* Main.storyboard */; };
		FA85ECD0234A5E7F00C6EBF4 /* Assets.xcassets in Resources */ = {isa = PBXBuildFile; fileRef = FA85ECCF234A5E7F00C6EBF4 /* Assets.xcassets */; };
		FA85ECD3234A5E7F00C6EBF4 /* LaunchScreen.storyboard in Resources */ = {isa = PBXBuildFile; fileRef = FA85ECD1234A5E7F00C6EBF4 /* LaunchScreen.storyboard */; };
		FA85ECDC234A621700C6EBF4 /* FeedTableViewCell.swift in Sources */ = {isa = PBXBuildFile; fileRef = FA85ECDA234A621700C6EBF4 /* FeedTableViewCell.swift */; };
		FA85ECDD234A621700C6EBF4 /* FeedTableViewCell.xib in Resources */ = {isa = PBXBuildFile; fileRef = FA85ECDB234A621700C6EBF4 /* FeedTableViewCell.xib */; };
		FA85ECE6234A6AD800C6EBF4 /* CategoryTableViewCell.swift in Sources */ = {isa = PBXBuildFile; fileRef = FA85ECE4234A6AD800C6EBF4 /* CategoryTableViewCell.swift */; };
		FA85ECE7234A6AD800C6EBF4 /* CategoryTableViewCell.xib in Resources */ = {isa = PBXBuildFile; fileRef = FA85ECE5234A6AD800C6EBF4 /* CategoryTableViewCell.xib */; };
		FA85ECEA234B120000C6EBF4 /* NotificationTableViewCell.swift in Sources */ = {isa = PBXBuildFile; fileRef = FA85ECE8234B120000C6EBF4 /* NotificationTableViewCell.swift */; };
		FA85ECEB234B120000C6EBF4 /* NotificationTableViewCell.xib in Resources */ = {isa = PBXBuildFile; fileRef = FA85ECE9234B120000C6EBF4 /* NotificationTableViewCell.xib */; };
		FA85ECEE234B146300C6EBF4 /* NotificationViewController.swift in Sources */ = {isa = PBXBuildFile; fileRef = FA85ECED234B146300C6EBF4 /* NotificationViewController.swift */; };
/* End PBXBuildFile section */

/* Begin PBXFileReference section */
		FA0A8C1B234C8AE300C469BC /* UIView+Extension.swift */ = {isa = PBXFileReference; lastKnownFileType = sourcecode.swift; path = "UIView+Extension.swift"; sourceTree = "<group>"; };
		FA6D4823234CB315007E0991 /* PostViewController.swift */ = {isa = PBXFileReference; lastKnownFileType = sourcecode.swift; path = PostViewController.swift; sourceTree = "<group>"; };
		FA85ECC3234A5E7C00C6EBF4 /* SoBoon.app */ = {isa = PBXFileReference; explicitFileType = wrapper.application; includeInIndex = 0; path = SoBoon.app; sourceTree = BUILT_PRODUCTS_DIR; };
		FA85ECC6234A5E7C00C6EBF4 /* AppDelegate.swift */ = {isa = PBXFileReference; lastKnownFileType = sourcecode.swift; path = AppDelegate.swift; sourceTree = "<group>"; };
		FA85ECC8234A5E7C00C6EBF4 /* SceneDelegate.swift */ = {isa = PBXFileReference; lastKnownFileType = sourcecode.swift; path = SceneDelegate.swift; sourceTree = "<group>"; };
		FA85ECCA234A5E7C00C6EBF4 /* ViewController.swift */ = {isa = PBXFileReference; lastKnownFileType = sourcecode.swift; path = ViewController.swift; sourceTree = "<group>"; };
		FA85ECCD234A5E7C00C6EBF4 /* Base */ = {isa = PBXFileReference; lastKnownFileType = file.storyboard; name = Base; path = Base.lproj/Main.storyboard; sourceTree = "<group>"; };
		FA85ECCF234A5E7F00C6EBF4 /* Assets.xcassets */ = {isa = PBXFileReference; lastKnownFileType = folder.assetcatalog; path = Assets.xcassets; sourceTree = "<group>"; };
		FA85ECD2234A5E7F00C6EBF4 /* Base */ = {isa = PBXFileReference; lastKnownFileType = file.storyboard; name = Base; path = Base.lproj/LaunchScreen.storyboard; sourceTree = "<group>"; };
		FA85ECD4234A5E7F00C6EBF4 /* Info.plist */ = {isa = PBXFileReference; lastKnownFileType = text.plist.xml; path = Info.plist; sourceTree = "<group>"; };
		FA85ECDA234A621700C6EBF4 /* FeedTableViewCell.swift */ = {isa = PBXFileReference; lastKnownFileType = sourcecode.swift; path = FeedTableViewCell.swift; sourceTree = "<group>"; };
		FA85ECDB234A621700C6EBF4 /* FeedTableViewCell.xib */ = {isa = PBXFileReference; lastKnownFileType = file.xib; path = FeedTableViewCell.xib; sourceTree = "<group>"; };
		FA85ECE4234A6AD800C6EBF4 /* CategoryTableViewCell.swift */ = {isa = PBXFileReference; lastKnownFileType = sourcecode.swift; path = CategoryTableViewCell.swift; sourceTree = "<group>"; };
		FA85ECE5234A6AD800C6EBF4 /* CategoryTableViewCell.xib */ = {isa = PBXFileReference; lastKnownFileType = file.xib; path = CategoryTableViewCell.xib; sourceTree = "<group>"; };
		FA85ECE8234B120000C6EBF4 /* NotificationTableViewCell.swift */ = {isa = PBXFileReference; lastKnownFileType = sourcecode.swift; path = NotificationTableViewCell.swift; sourceTree = "<group>"; };
		FA85ECE9234B120000C6EBF4 /* NotificationTableViewCell.xib */ = {isa = PBXFileReference; lastKnownFileType = file.xib; path = NotificationTableViewCell.xib; sourceTree = "<group>"; };
		FA85ECED234B146300C6EBF4 /* NotificationViewController.swift */ = {isa = PBXFileReference; lastKnownFileType = sourcecode.swift; path = NotificationViewController.swift; sourceTree = "<group>"; };
/* End PBXFileReference section */

/* Begin PBXFrameworksBuildPhase section */
		FA85ECC0234A5E7C00C6EBF4 /* Frameworks */ = {
			isa = PBXFrameworksBuildPhase;
			buildActionMask = 2147483647;
			files = (
			);
			runOnlyForDeploymentPostprocessing = 0;
		};
/* End PBXFrameworksBuildPhase section */

/* Begin PBXGroup section */
		FA85ECBA234A5E7C00C6EBF4 = {
			isa = PBXGroup;
			children = (
				FA85ECC5234A5E7C00C6EBF4 /* SoBoon */,
				FA85ECC4234A5E7C00C6EBF4 /* Products */,
			);
			sourceTree = "<group>";
		};
		FA85ECC4234A5E7C00C6EBF4 /* Products */ = {
			isa = PBXGroup;
			children = (
				FA85ECC3234A5E7C00C6EBF4 /* SoBoon.app */,
			);
			name = Products;
			sourceTree = "<group>";
		};
		FA85ECC5234A5E7C00C6EBF4 /* SoBoon */ = {
			isa = PBXGroup;
			children = (
				FA85ECC6234A5E7C00C6EBF4 /* AppDelegate.swift */,
				FA85ECC8234A5E7C00C6EBF4 /* SceneDelegate.swift */,
				FA85ECCA234A5E7C00C6EBF4 /* ViewController.swift */,
				FA85ECED234B146300C6EBF4 /* NotificationViewController.swift */,
				FA6D4823234CB315007E0991 /* PostViewController.swift */,
				FA85ECEC234B144800C6EBF4 /* View */,
				FA85ECCC234A5E7C00C6EBF4 /* Main.storyboard */,
				FA0A8C1B234C8AE300C469BC /* UIView+Extension.swift */,
				FA85ECCF234A5E7F00C6EBF4 /* Assets.xcassets */,
				FA85ECD1234A5E7F00C6EBF4 /* LaunchScreen.storyboard */,
				FA85ECD4234A5E7F00C6EBF4 /* Info.plist */,
			);
			path = SoBoon;
			sourceTree = "<group>";
		};
		FA85ECEC234B144800C6EBF4 /* View */ = {
			isa = PBXGroup;
			children = (
				FA85ECE8234B120000C6EBF4 /* NotificationTableViewCell.swift */,
				FA85ECE9234B120000C6EBF4 /* NotificationTableViewCell.xib */,
				FA85ECE4234A6AD800C6EBF4 /* CategoryTableViewCell.swift */,
				FA85ECE5234A6AD800C6EBF4 /* CategoryTableViewCell.xib */,
				FA85ECDA234A621700C6EBF4 /* FeedTableViewCell.swift */,
				FA85ECDB234A621700C6EBF4 /* FeedTableViewCell.xib */,
			);
			path = View;
			sourceTree = "<group>";
		};
/* End PBXGroup section */

/* Begin PBXNativeTarget section */
		FA85ECC2234A5E7C00C6EBF4 /* SoBoon */ = {
			isa = PBXNativeTarget;
			buildConfigurationList = FA85ECD7234A5E7F00C6EBF4 /* Build configuration list for PBXNativeTarget "SoBoon" */;
			buildPhases = (
				FA85ECBF234A5E7C00C6EBF4 /* Sources */,
				FA85ECC0234A5E7C00C6EBF4 /* Frameworks */,
				FA85ECC1234A5E7C00C6EBF4 /* Resources */,
			);
			buildRules = (
			);
			dependencies = (
			);
			name = SoBoon;
			productName = SoBoon;
			productReference = FA85ECC3234A5E7C00C6EBF4 /* SoBoon.app */;
			productType = "com.apple.product-type.application";
		};
/* End PBXNativeTarget section */

/* Begin PBXProject section */
		FA85ECBB234A5E7C00C6EBF4 /* Project object */ = {
			isa = PBXProject;
			attributes = {
				LastSwiftUpdateCheck = 1100;
				LastUpgradeCheck = 1100;
				ORGANIZATIONNAME = cmindy;
				TargetAttributes = {
					FA85ECC2234A5E7C00C6EBF4 = {
						CreatedOnToolsVersion = 11.0;
					};
				};
			};
			buildConfigurationList = FA85ECBE234A5E7C00C6EBF4 /* Build configuration list for PBXProject "SoBoon" */;
			compatibilityVersion = "Xcode 9.3";
			developmentRegion = en;
			hasScannedForEncodings = 0;
			knownRegions = (
				en,
				Base,
			);
			mainGroup = FA85ECBA234A5E7C00C6EBF4;
			productRefGroup = FA85ECC4234A5E7C00C6EBF4 /* Products */;
			projectDirPath = "";
			projectRoot = "";
			targets = (
				FA85ECC2234A5E7C00C6EBF4 /* SoBoon */,
			);
		};
/* End PBXProject section */

/* Begin PBXResourcesBuildPhase section */
		FA85ECC1234A5E7C00C6EBF4 /* Resources */ = {
			isa = PBXResourcesBuildPhase;
			buildActionMask = 2147483647;
			files = (
				FA85ECD3234A5E7F00C6EBF4 /* LaunchScreen.storyboard in Resources */,
				FA85ECDD234A621700C6EBF4 /* FeedTableViewCell.xib in Resources */,
				FA85ECE7234A6AD800C6EBF4 /* CategoryTableViewCell.xib in Resources */,
				FA85ECD0234A5E7F00C6EBF4 /* Assets.xcassets in Resources */,
				FA85ECEB234B120000C6EBF4 /* NotificationTableViewCell.xib in Resources */,
				FA85ECCE234A5E7C00C6EBF4 /* Main.storyboard in Resources */,
			);
			runOnlyForDeploymentPostprocessing = 0;
		};
/* End PBXResourcesBuildPhase section */

/* Begin PBXSourcesBuildPhase section */
		FA85ECBF234A5E7C00C6EBF4 /* Sources */ = {
			isa = PBXSourcesBuildPhase;
			buildActionMask = 2147483647;
			files = (
				FA6D4824234CB315007E0991 /* PostViewController.swift in Sources */,
				FA85ECEA234B120000C6EBF4 /* NotificationTableViewCell.swift in Sources */,
				FA85ECCB234A5E7C00C6EBF4 /* ViewController.swift in Sources */,
				FA0A8C1C234C8AE300C469BC /* UIView+Extension.swift in Sources */,
				FA85ECEE234B146300C6EBF4 /* NotificationViewController.swift in Sources */,
				FA85ECDC234A621700C6EBF4 /* FeedTableViewCell.swift in Sources */,
				FA85ECC7234A5E7C00C6EBF4 /* AppDelegate.swift in Sources */,
				FA85ECC9234A5E7C00C6EBF4 /* SceneDelegate.swift in Sources */,
				FA85ECE6234A6AD800C6EBF4 /* CategoryTableViewCell.swift in Sources */,
			);
			runOnlyForDeploymentPostprocessing = 0;
		};
/* End PBXSourcesBuildPhase section */

/* Begin PBXVariantGroup section */
		FA85ECCC234A5E7C00C6EBF4 /* Main.storyboard */ = {
			isa = PBXVariantGroup;
			children = (
				FA85ECCD234A5E7C00C6EBF4 /* Base */,
			);
			name = Main.storyboard;
			sourceTree = "<group>";
		};
		FA85ECD1234A5E7F00C6EBF4 /* LaunchScreen.storyboard */ = {
			isa = PBXVariantGroup;
			children = (
				FA85ECD2234A5E7F00C6EBF4 /* Base */,
			);
			name = LaunchScreen.storyboard;
			sourceTree = "<group>";
		};
/* End PBXVariantGroup section */

/* Begin XCBuildConfiguration section */
		FA85ECD5234A5E7F00C6EBF4 /* Debug */ = {
			isa = XCBuildConfiguration;
			buildSettings = {
				ALWAYS_SEARCH_USER_PATHS = NO;
				CLANG_ANALYZER_NONNULL = YES;
				CLANG_ANALYZER_NUMBER_OBJECT_CONVERSION = YES_AGGRESSIVE;
				CLANG_CXX_LANGUAGE_STANDARD = "gnu++14";
				CLANG_CXX_LIBRARY = "libc++";
				CLANG_ENABLE_MODULES = YES;
				CLANG_ENABLE_OBJC_ARC = YES;
				CLANG_ENABLE_OBJC_WEAK = YES;
				CLANG_WARN_BLOCK_CAPTURE_AUTORELEASING = YES;
				CLANG_WARN_BOOL_CONVERSION = YES;
				CLANG_WARN_COMMA = YES;
				CLANG_WARN_CONSTANT_CONVERSION = YES;
				CLANG_WARN_DEPRECATED_OBJC_IMPLEMENTATIONS = YES;
				CLANG_WARN_DIRECT_OBJC_ISA_USAGE = YES_ERROR;
				CLANG_WARN_DOCUMENTATION_COMMENTS = YES;
				CLANG_WARN_EMPTY_BODY = YES;
				CLANG_WARN_ENUM_CONVERSION = YES;
				CLANG_WARN_INFINITE_RECURSION = YES;
				CLANG_WARN_INT_CONVERSION = YES;
				CLANG_WARN_NON_LITERAL_NULL_CONVERSION = YES;
				CLANG_WARN_OBJC_IMPLICIT_RETAIN_SELF = YES;
				CLANG_WARN_OBJC_LITERAL_CONVERSION = YES;
				CLANG_WARN_OBJC_ROOT_CLASS = YES_ERROR;
				CLANG_WARN_RANGE_LOOP_ANALYSIS = YES;
				CLANG_WARN_STRICT_PROTOTYPES = YES;
				CLANG_WARN_SUSPICIOUS_MOVE = YES;
				CLANG_WARN_UNGUARDED_AVAILABILITY = YES_AGGRESSIVE;
				CLANG_WARN_UNREACHABLE_CODE = YES;
				CLANG_WARN__DUPLICATE_METHOD_MATCH = YES;
				COPY_PHASE_STRIP = NO;
				DEBUG_INFORMATION_FORMAT = dwarf;
				ENABLE_STRICT_OBJC_MSGSEND = YES;
				ENABLE_TESTABILITY = YES;
				GCC_C_LANGUAGE_STANDARD = gnu11;
				GCC_DYNAMIC_NO_PIC = NO;
				GCC_NO_COMMON_BLOCKS = YES;
				GCC_OPTIMIZATION_LEVEL = 0;
				GCC_PREPROCESSOR_DEFINITIONS = (
					"DEBUG=1",
					"$(inherited)",
				);
				GCC_WARN_64_TO_32_BIT_CONVERSION = YES;
				GCC_WARN_ABOUT_RETURN_TYPE = YES_ERROR;
				GCC_WARN_UNDECLARED_SELECTOR = YES;
				GCC_WARN_UNINITIALIZED_AUTOS = YES_AGGRESSIVE;
				GCC_WARN_UNUSED_FUNCTION = YES;
				GCC_WARN_UNUSED_VARIABLE = YES;
				IPHONEOS_DEPLOYMENT_TARGET = 13.0;
				MTL_ENABLE_DEBUG_INFO = INCLUDE_SOURCE;
				MTL_FAST_MATH = YES;
				ONLY_ACTIVE_ARCH = YES;
				SDKROOT = iphoneos;
				SWIFT_ACTIVE_COMPILATION_CONDITIONS = DEBUG;
				SWIFT_OPTIMIZATION_LEVEL = "-Onone";
			};
			name = Debug;
		};
		FA85ECD6234A5E7F00C6EBF4 /* Release */ = {
			isa = XCBuildConfiguration;
			buildSettings = {
				ALWAYS_SEARCH_USER_PATHS = NO;
				CLANG_ANALYZER_NONNULL = YES;
				CLANG_ANALYZER_NUMBER_OBJECT_CONVERSION = YES_AGGRESSIVE;
				CLANG_CXX_LANGUAGE_STANDARD = "gnu++14";
				CLANG_CXX_LIBRARY = "libc++";
				CLANG_ENABLE_MODULES = YES;
				CLANG_ENABLE_OBJC_ARC = YES;
				CLANG_ENABLE_OBJC_WEAK = YES;
				CLANG_WARN_BLOCK_CAPTURE_AUTORELEASING = YES;
				CLANG_WARN_BOOL_CONVERSION = YES;
				CLANG_WARN_COMMA = YES;
				CLANG_WARN_CONSTANT_CONVERSION = YES;
				CLANG_WARN_DEPRECATED_OBJC_IMPLEMENTATIONS = YES;
				CLANG_WARN_DIRECT_OBJC_ISA_USAGE = YES_ERROR;
				CLANG_WARN_DOCUMENTATION_COMMENTS = YES;
				CLANG_WARN_EMPTY_BODY = YES;
				CLANG_WARN_ENUM_CONVERSION = YES;
				CLANG_WARN_INFINITE_RECURSION = YES;
				CLANG_WARN_INT_CONVERSION = YES;
				CLANG_WARN_NON_LITERAL_NULL_CONVERSION = YES;
				CLANG_WARN_OBJC_IMPLICIT_RETAIN_SELF = YES;
				CLANG_WARN_OBJC_LITERAL_CONVERSION = YES;
				CLANG_WARN_OBJC_ROOT_CLASS = YES_ERROR;
				CLANG_WARN_RANGE_LOOP_ANALYSIS = YES;
				CLANG_WARN_STRICT_PROTOTYPES = YES;
				CLANG_WARN_SUSPICIOUS_MOVE = YES;
				CLANG_WARN_UNGUARDED_AVAILABILITY = YES_AGGRESSIVE;
				CLANG_WARN_UNREACHABLE_CODE = YES;
				CLANG_WARN__DUPLICATE_METHOD_MATCH = YES;
				COPY_PHASE_STRIP = NO;
				DEBUG_INFORMATION_FORMAT = "dwarf-with-dsym";
				ENABLE_NS_ASSERTIONS = NO;
				ENABLE_STRICT_OBJC_MSGSEND = YES;
				GCC_C_LANGUAGE_STANDARD = gnu11;
				GCC_NO_COMMON_BLOCKS = YES;
				GCC_WARN_64_TO_32_BIT_CONVERSION = YES;
				GCC_WARN_ABOUT_RETURN_TYPE = YES_ERROR;
				GCC_WARN_UNDECLARED_SELECTOR = YES;
				GCC_WARN_UNINITIALIZED_AUTOS = YES_AGGRESSIVE;
				GCC_WARN_UNUSED_FUNCTION = YES;
				GCC_WARN_UNUSED_VARIABLE = YES;
				IPHONEOS_DEPLOYMENT_TARGET = 13.0;
				MTL_ENABLE_DEBUG_INFO = NO;
				MTL_FAST_MATH = YES;
				SDKROOT = iphoneos;
				SWIFT_COMPILATION_MODE = wholemodule;
				SWIFT_OPTIMIZATION_LEVEL = "-O";
				VALIDATE_PRODUCT = YES;
			};
			name = Release;
		};
		FA85ECD8234A5E7F00C6EBF4 /* Debug */ = {
			isa = XCBuildConfiguration;
			buildSettings = {
				ASSETCATALOG_COMPILER_APPICON_NAME = AppIcon;
				CODE_SIGN_STYLE = Automatic;
				DEVELOPMENT_TEAM = 7RXS7SV267;
				INFOPLIST_FILE = SoBoon/Info.plist;
				LD_RUNPATH_SEARCH_PATHS = (
					"$(inherited)",
					"@executable_path/Frameworks",
				);
				PRODUCT_BUNDLE_IDENTIFIER = com.cmindy.SoBoon;
				PRODUCT_NAME = "$(TARGET_NAME)";
				SWIFT_VERSION = 5.0;
				TARGETED_DEVICE_FAMILY = "1,2";
			};
			name = Debug;
		};
		FA85ECD9234A5E7F00C6EBF4 /* Release */ = {
			isa = XCBuildConfiguration;
			buildSettings = {
				ASSETCATALOG_COMPILER_APPICON_NAME = AppIcon;
				CODE_SIGN_STYLE = Automatic;
				DEVELOPMENT_TEAM = 7RXS7SV267;
				INFOPLIST_FILE = SoBoon/Info.plist;
				LD_RUNPATH_SEARCH_PATHS = (
					"$(inherited)",
					"@executable_path/Frameworks",
				);
				PRODUCT_BUNDLE_IDENTIFIER = com.cmindy.SoBoon;
				PRODUCT_NAME = "$(TARGET_NAME)";
				SWIFT_VERSION = 5.0;
				TARGETED_DEVICE_FAMILY = "1,2";
			};
			name = Release;
		};
/* End XCBuildConfiguration section */

/* Begin XCConfigurationList section */
		FA85ECBE234A5E7C00C6EBF4 /* Build configuration list for PBXProject "SoBoon" */ = {
			isa = XCConfigurationList;
			buildConfigurations = (
				FA85ECD5234A5E7F00C6EBF4 /* Debug */,
				FA85ECD6234A5E7F00C6EBF4 /* Release */,
			);
			defaultConfigurationIsVisible = 0;
			defaultConfigurationName = Release;
		};
		FA85ECD7234A5E7F00C6EBF4 /* Build configuration list for PBXNativeTarget "SoBoon" */ = {
			isa = XCConfigurationList;
			buildConfigurations = (
				FA85ECD8234A5E7F00C6EBF4 /* Debug */,
				FA85ECD9234A5E7F00C6EBF4 /* Release */,
			);
			defaultConfigurationIsVisible = 0;
			defaultConfigurationName = Release;
		};
/* End XCConfigurationList section */
	};
	rootObject = FA85ECBB234A5E7C00C6EBF4 /* Project object */;
}
