// !$*UTF8*$!
{
	archiveVersion = 1;
	classes = {
	};
	objectVersion = 50;
	objects = {

/* Begin PBXBuildFile section */
		FA051F15235C33AD00A01418 /* FeedListCell.swift in Sources */ = {isa = PBXBuildFile; fileRef = FA051F13235C33AD00A01418 /* FeedListCell.swift */; };
		FA051F16235C33AD00A01418 /* FeedListCell.xib in Resources */ = {isa = PBXBuildFile; fileRef = FA051F14235C33AD00A01418 /* FeedListCell.xib */; };
		FA051F19235C3A7D00A01418 /* FeedCategoryListCell.swift in Sources */ = {isa = PBXBuildFile; fileRef = FA051F17235C3A7D00A01418 /* FeedCategoryListCell.swift */; };
		FA051F1A235C3A7D00A01418 /* FeedCategoryListCell.xib in Resources */ = {isa = PBXBuildFile; fileRef = FA051F18235C3A7D00A01418 /* FeedCategoryListCell.xib */; };
		FA051F1F235C3C7B00A01418 /* FeedCategoryCell.swift in Sources */ = {isa = PBXBuildFile; fileRef = FA051F1D235C3C7B00A01418 /* FeedCategoryCell.swift */; };
		FA051F20235C3C7B00A01418 /* FeedCategoryCell.xib in Resources */ = {isa = PBXBuildFile; fileRef = FA051F1E235C3C7B00A01418 /* FeedCategoryCell.xib */; };
		FA051F22235C411700A01418 /* FeedNavigationView.swift in Sources */ = {isa = PBXBuildFile; fileRef = FA051F21235C411700A01418 /* FeedNavigationView.swift */; };
		FA051F24235C412000A01418 /* FeedNavigationView.xib in Resources */ = {isa = PBXBuildFile; fileRef = FA051F23235C412000A01418 /* FeedNavigationView.xib */; };
		FA051F26235C430500A01418 /* FeedSearchView.swift in Sources */ = {isa = PBXBuildFile; fileRef = FA051F25235C430500A01418 /* FeedSearchView.swift */; };
		FA051F28235C430D00A01418 /* FeedSearchView.xib in Resources */ = {isa = PBXBuildFile; fileRef = FA051F27235C430D00A01418 /* FeedSearchView.xib */; };
		FA051F2C235C4F6C00A01418 /* FeedTitleHeaderView.xib in Resources */ = {isa = PBXBuildFile; fileRef = FA051F2B235C4F6C00A01418 /* FeedTitleHeaderView.xib */; };
		FA051F2E235C4F9300A01418 /* FeedTitleHeaderView.swift in Sources */ = {isa = PBXBuildFile; fileRef = FA051F2D235C4F9300A01418 /* FeedTitleHeaderView.swift */; };
		FA051F32235CC99D00A01418 /* GeneralEmptyFooterView.xib in Resources */ = {isa = PBXBuildFile; fileRef = FA051F31235CC99D00A01418 /* GeneralEmptyFooterView.xib */; };
		FA051F34235CCAEC00A01418 /* GeneralEmptyFooterView.swift in Sources */ = {isa = PBXBuildFile; fileRef = FA051F33235CCAEC00A01418 /* GeneralEmptyFooterView.swift */; };
		FA051F5A23602F2500A01418 /* GeneralGradientView.swift in Sources */ = {isa = PBXBuildFile; fileRef = FA051F5923602F2500A01418 /* GeneralGradientView.swift */; };
		FA051F602360B0DE00A01418 /* ProductDescriptionCell.swift in Sources */ = {isa = PBXBuildFile; fileRef = FA051F5E2360B0DE00A01418 /* ProductDescriptionCell.swift */; };
		FA051F612360B0DE00A01418 /* ProductDescriptionCell.xib in Resources */ = {isa = PBXBuildFile; fileRef = FA051F5F2360B0DE00A01418 /* ProductDescriptionCell.xib */; };
		FA0A8C1C234C8AE300C469BC /* UIView+Extension.swift in Sources */ = {isa = PBXBuildFile; fileRef = FA0A8C1B234C8AE300C469BC /* UIView+Extension.swift */; };
		FA48C8D0235633FA004FB593 /* GeneralNavigationView.xib in Resources */ = {isa = PBXBuildFile; fileRef = FA48C8CF235633FA004FB593 /* GeneralNavigationView.xib */; };
		FA48C8D22356340F004FB593 /* GeneralNavigationView.swift in Sources */ = {isa = PBXBuildFile; fileRef = FA48C8D12356340F004FB593 /* GeneralNavigationView.swift */; };
		FA6D4824234CB315007E0991 /* PostViewController.swift in Sources */ = {isa = PBXBuildFile; fileRef = FA6D4823234CB315007E0991 /* PostViewController.swift */; };
		FA7EAF9D2355F08100757B11 /* Constants.swift in Sources */ = {isa = PBXBuildFile; fileRef = FA7EAF9C2355F08100757B11 /* Constants.swift */; };
		FA7EAF9F2355F09200757B11 /* GeneralHelper.swift in Sources */ = {isa = PBXBuildFile; fileRef = FA7EAF9E2355F09200757B11 /* GeneralHelper.swift */; };
		FA7EAFA12355F0D800757B11 /* SplashViewController.swift in Sources */ = {isa = PBXBuildFile; fileRef = FA7EAFA02355F0D800757B11 /* SplashViewController.swift */; };
		FA7EAFA32355F0EA00757B11 /* Splash.storyboard in Resources */ = {isa = PBXBuildFile; fileRef = FA7EAFA22355F0EA00757B11 /* Splash.storyboard */; };
		FA7EAFA62355F15600757B11 /* Base.storyboard in Resources */ = {isa = PBXBuildFile; fileRef = FA7EAFA52355F15600757B11 /* Base.storyboard */; };
		FA7EAFA92355F17100757B11 /* BaseTabBarViewController.swift in Sources */ = {isa = PBXBuildFile; fileRef = FA7EAFA72355F17000757B11 /* BaseTabBarViewController.swift */; };
		FA7EAFAA2355F17100757B11 /* BaseCustomView.swift in Sources */ = {isa = PBXBuildFile; fileRef = FA7EAFA82355F17000757B11 /* BaseCustomView.swift */; };
		FA7EAFAD2355F34B00757B11 /* UIView+Shadow.swift in Sources */ = {isa = PBXBuildFile; fileRef = FA7EAFAC2355F34B00757B11 /* UIView+Shadow.swift */; };
		FA7EAFB42355F3D400757B11 /* TabItem.swift in Sources */ = {isa = PBXBuildFile; fileRef = FA7EAFB32355F3D400757B11 /* TabItem.swift */; };
		FA7EAFB62355F3E700757B11 /* InteractivePopRecognizer.swift in Sources */ = {isa = PBXBuildFile; fileRef = FA7EAFB52355F3E700757B11 /* InteractivePopRecognizer.swift */; };
		FA7EAFB92355F3EF00757B11 /* FloatingTabbar.swift in Sources */ = {isa = PBXBuildFile; fileRef = FA7EAFB72355F3EF00757B11 /* FloatingTabbar.swift */; };
		FA7EAFBA2355F3EF00757B11 /* FloatingTabbar.xib in Resources */ = {isa = PBXBuildFile; fileRef = FA7EAFB82355F3EF00757B11 /* FloatingTabbar.xib */; };
		FA7EAFBE2355F6F600757B11 /* Notification.storyboard in Resources */ = {isa = PBXBuildFile; fileRef = FA7EAFBD2355F6F600757B11 /* Notification.storyboard */; };
		FA7EAFC22355F72200757B11 /* Profile.storyboard in Resources */ = {isa = PBXBuildFile; fileRef = FA7EAFC12355F72200757B11 /* Profile.storyboard */; };
		FA7EAFC42355F72900757B11 /* ProfileViewController.swift in Sources */ = {isa = PBXBuildFile; fileRef = FA7EAFC32355F72900757B11 /* ProfileViewController.swift */; };
		FA85ECC7234A5E7C00C6EBF4 /* AppDelegate.swift in Sources */ = {isa = PBXBuildFile; fileRef = FA85ECC6234A5E7C00C6EBF4 /* AppDelegate.swift */; };
		FA85ECCE234A5E7C00C6EBF4 /* Main.storyboard in Resources */ = {isa = PBXBuildFile; fileRef = FA85ECCC234A5E7C00C6EBF4 /* Main.storyboard */; };
		FA85ECD0234A5E7F00C6EBF4 /* Assets.xcassets in Resources */ = {isa = PBXBuildFile; fileRef = FA85ECCF234A5E7F00C6EBF4 /* Assets.xcassets */; };
		FA85ECD3234A5E7F00C6EBF4 /* LaunchScreen.storyboard in Resources */ = {isa = PBXBuildFile; fileRef = FA85ECD1234A5E7F00C6EBF4 /* LaunchScreen.storyboard */; };
		FA85ECEE234B146300C6EBF4 /* NotificationViewController.swift in Sources */ = {isa = PBXBuildFile; fileRef = FA85ECED234B146300C6EBF4 /* NotificationViewController.swift */; };
		FA896A6E2360BF9800ED6597 /* CommentCell.swift in Sources */ = {isa = PBXBuildFile; fileRef = FA896A6C2360BF9800ED6597 /* CommentCell.swift */; };
		FA896A6F2360BF9800ED6597 /* CommentCell.xib in Resources */ = {isa = PBXBuildFile; fileRef = FA896A6D2360BF9800ED6597 /* CommentCell.xib */; };
		FA90062A235A1A7500E517B4 /* FeedViewController.swift in Sources */ = {isa = PBXBuildFile; fileRef = FA900629235A1A7500E517B4 /* FeedViewController.swift */; };
		FAB6C6A723519AEB00572B74 /* Feed.storyboard in Resources */ = {isa = PBXBuildFile; fileRef = FAB6C6A623519AEB00572B74 /* Feed.storyboard */; };
		FAB6C6B323519B7E00572B74 /* BaseViewController.swift in Sources */ = {isa = PBXBuildFile; fileRef = FAB6C6B223519B7E00572B74 /* BaseViewController.swift */; };
		FAC8B18D236860290026C2C7 /* ReusableIdentifier.swift in Sources */ = {isa = PBXBuildFile; fileRef = FAC8B18C236860290026C2C7 /* ReusableIdentifier.swift */; };
		FAC8B19623686B2D0026C2C7 /* NotoSansCJKkr-DemiLight.otf in Resources */ = {isa = PBXBuildFile; fileRef = FAC8B18F23686B280026C2C7 /* NotoSansCJKkr-DemiLight.otf */; };
		FAC8B19723686B2D0026C2C7 /* NotoSansCJKkr-Medium.otf in Resources */ = {isa = PBXBuildFile; fileRef = FAC8B19023686B290026C2C7 /* NotoSansCJKkr-Medium.otf */; };
		FAC8B19823686B2D0026C2C7 /* NotoSansCJKkr-Thin.otf in Resources */ = {isa = PBXBuildFile; fileRef = FAC8B19123686B2A0026C2C7 /* NotoSansCJKkr-Thin.otf */; };
		FAC8B19923686B2D0026C2C7 /* NotoSansCJKkr-Bold.otf in Resources */ = {isa = PBXBuildFile; fileRef = FAC8B19223686B2B0026C2C7 /* NotoSansCJKkr-Bold.otf */; };
		FAC8B19A23686B2D0026C2C7 /* NotoSansCJKkr-Black.otf in Resources */ = {isa = PBXBuildFile; fileRef = FAC8B19323686B2C0026C2C7 /* NotoSansCJKkr-Black.otf */; };
		FAC8B19B23686B2D0026C2C7 /* NotoSansCJKkr-Light.otf in Resources */ = {isa = PBXBuildFile; fileRef = FAC8B19423686B2D0026C2C7 /* NotoSansCJKkr-Light.otf */; };
		FAC8B19C23686B2D0026C2C7 /* NotoSansCJKkr-Regular.otf in Resources */ = {isa = PBXBuildFile; fileRef = FAC8B19523686B2D0026C2C7 /* NotoSansCJKkr-Regular.otf */; };
		FAC8B19E23686F4B0026C2C7 /* UIFont+Custom.swift in Sources */ = {isa = PBXBuildFile; fileRef = FAC8B19D23686F4B0026C2C7 /* UIFont+Custom.swift */; };
		FAE9BA7B23634078008BE3E4 /* ProductViewController.swift in Sources */ = {isa = PBXBuildFile; fileRef = FAE9BA7A23634078008BE3E4 /* ProductViewController.swift */; };
		FAE9BA8023635CB4008BE3E4 /* FeedDetailImageCell.swift in Sources */ = {isa = PBXBuildFile; fileRef = FAE9BA7E23635CB4008BE3E4 /* FeedDetailImageCell.swift */; };
		FAE9BA8123635CB4008BE3E4 /* FeedDetailImageCell.xib in Resources */ = {isa = PBXBuildFile; fileRef = FAE9BA7F23635CB4008BE3E4 /* FeedDetailImageCell.xib */; };
/* End PBXBuildFile section */

/* Begin PBXFileReference section */
		FA051F13235C33AD00A01418 /* FeedListCell.swift */ = {isa = PBXFileReference; lastKnownFileType = sourcecode.swift; path = FeedListCell.swift; sourceTree = "<group>"; };
		FA051F14235C33AD00A01418 /* FeedListCell.xib */ = {isa = PBXFileReference; lastKnownFileType = file.xib; path = FeedListCell.xib; sourceTree = "<group>"; };
		FA051F17235C3A7D00A01418 /* FeedCategoryListCell.swift */ = {isa = PBXFileReference; lastKnownFileType = sourcecode.swift; path = FeedCategoryListCell.swift; sourceTree = "<group>"; };
		FA051F18235C3A7D00A01418 /* FeedCategoryListCell.xib */ = {isa = PBXFileReference; lastKnownFileType = file.xib; path = FeedCategoryListCell.xib; sourceTree = "<group>"; };
		FA051F1D235C3C7B00A01418 /* FeedCategoryCell.swift */ = {isa = PBXFileReference; lastKnownFileType = sourcecode.swift; path = FeedCategoryCell.swift; sourceTree = "<group>"; };
		FA051F1E235C3C7B00A01418 /* FeedCategoryCell.xib */ = {isa = PBXFileReference; lastKnownFileType = file.xib; path = FeedCategoryCell.xib; sourceTree = "<group>"; };
		FA051F21235C411700A01418 /* FeedNavigationView.swift */ = {isa = PBXFileReference; lastKnownFileType = sourcecode.swift; path = FeedNavigationView.swift; sourceTree = "<group>"; };
		FA051F23235C412000A01418 /* FeedNavigationView.xib */ = {isa = PBXFileReference; lastKnownFileType = file.xib; path = FeedNavigationView.xib; sourceTree = "<group>"; };
		FA051F25235C430500A01418 /* FeedSearchView.swift */ = {isa = PBXFileReference; lastKnownFileType = sourcecode.swift; path = FeedSearchView.swift; sourceTree = "<group>"; };
		FA051F27235C430D00A01418 /* FeedSearchView.xib */ = {isa = PBXFileReference; lastKnownFileType = file.xib; path = FeedSearchView.xib; sourceTree = "<group>"; };
		FA051F2B235C4F6C00A01418 /* FeedTitleHeaderView.xib */ = {isa = PBXFileReference; lastKnownFileType = file.xib; path = FeedTitleHeaderView.xib; sourceTree = "<group>"; };
		FA051F2D235C4F9300A01418 /* FeedTitleHeaderView.swift */ = {isa = PBXFileReference; lastKnownFileType = sourcecode.swift; path = FeedTitleHeaderView.swift; sourceTree = "<group>"; };
		FA051F31235CC99D00A01418 /* GeneralEmptyFooterView.xib */ = {isa = PBXFileReference; lastKnownFileType = file.xib; path = GeneralEmptyFooterView.xib; sourceTree = "<group>"; };
		FA051F33235CCAEC00A01418 /* GeneralEmptyFooterView.swift */ = {isa = PBXFileReference; lastKnownFileType = sourcecode.swift; path = GeneralEmptyFooterView.swift; sourceTree = "<group>"; };
		FA051F5923602F2500A01418 /* GeneralGradientView.swift */ = {isa = PBXFileReference; lastKnownFileType = sourcecode.swift; path = GeneralGradientView.swift; sourceTree = "<group>"; };
		FA051F5E2360B0DE00A01418 /* ProductDescriptionCell.swift */ = {isa = PBXFileReference; lastKnownFileType = sourcecode.swift; path = ProductDescriptionCell.swift; sourceTree = "<group>"; };
		FA051F5F2360B0DE00A01418 /* ProductDescriptionCell.xib */ = {isa = PBXFileReference; lastKnownFileType = file.xib; path = ProductDescriptionCell.xib; sourceTree = "<group>"; };
		FA0A8C1B234C8AE300C469BC /* UIView+Extension.swift */ = {isa = PBXFileReference; lastKnownFileType = sourcecode.swift; path = "UIView+Extension.swift"; sourceTree = "<group>"; };
		FA48C8CF235633FA004FB593 /* GeneralNavigationView.xib */ = {isa = PBXFileReference; lastKnownFileType = file.xib; path = GeneralNavigationView.xib; sourceTree = "<group>"; };
		FA48C8D12356340F004FB593 /* GeneralNavigationView.swift */ = {isa = PBXFileReference; lastKnownFileType = sourcecode.swift; path = GeneralNavigationView.swift; sourceTree = "<group>"; };
		FA6D4823234CB315007E0991 /* PostViewController.swift */ = {isa = PBXFileReference; lastKnownFileType = sourcecode.swift; path = PostViewController.swift; sourceTree = "<group>"; };
		FA7EAF9C2355F08100757B11 /* Constants.swift */ = {isa = PBXFileReference; fileEncoding = 4; lastKnownFileType = sourcecode.swift; path = Constants.swift; sourceTree = "<group>"; };
		FA7EAF9E2355F09200757B11 /* GeneralHelper.swift */ = {isa = PBXFileReference; fileEncoding = 4; lastKnownFileType = sourcecode.swift; path = GeneralHelper.swift; sourceTree = "<group>"; };
		FA7EAFA02355F0D800757B11 /* SplashViewController.swift */ = {isa = PBXFileReference; lastKnownFileType = sourcecode.swift; path = SplashViewController.swift; sourceTree = "<group>"; };
		FA7EAFA22355F0EA00757B11 /* Splash.storyboard */ = {isa = PBXFileReference; lastKnownFileType = file.storyboard; path = Splash.storyboard; sourceTree = "<group>"; };
		FA7EAFA52355F15600757B11 /* Base.storyboard */ = {isa = PBXFileReference; lastKnownFileType = file.storyboard; path = Base.storyboard; sourceTree = "<group>"; };
		FA7EAFA72355F17000757B11 /* BaseTabBarViewController.swift */ = {isa = PBXFileReference; fileEncoding = 4; lastKnownFileType = sourcecode.swift; path = BaseTabBarViewController.swift; sourceTree = "<group>"; };
		FA7EAFA82355F17000757B11 /* BaseCustomView.swift */ = {isa = PBXFileReference; fileEncoding = 4; lastKnownFileType = sourcecode.swift; path = BaseCustomView.swift; sourceTree = "<group>"; };
		FA7EAFAC2355F34B00757B11 /* UIView+Shadow.swift */ = {isa = PBXFileReference; fileEncoding = 4; lastKnownFileType = sourcecode.swift; path = "UIView+Shadow.swift"; sourceTree = "<group>"; };
		FA7EAFB32355F3D400757B11 /* TabItem.swift */ = {isa = PBXFileReference; fileEncoding = 4; lastKnownFileType = sourcecode.swift; path = TabItem.swift; sourceTree = "<group>"; };
		FA7EAFB52355F3E700757B11 /* InteractivePopRecognizer.swift */ = {isa = PBXFileReference; fileEncoding = 4; lastKnownFileType = sourcecode.swift; path = InteractivePopRecognizer.swift; sourceTree = "<group>"; };
		FA7EAFB72355F3EF00757B11 /* FloatingTabbar.swift */ = {isa = PBXFileReference; fileEncoding = 4; lastKnownFileType = sourcecode.swift; path = FloatingTabbar.swift; sourceTree = "<group>"; };
		FA7EAFB82355F3EF00757B11 /* FloatingTabbar.xib */ = {isa = PBXFileReference; fileEncoding = 4; lastKnownFileType = file.xib; path = FloatingTabbar.xib; sourceTree = "<group>"; };
		FA7EAFBD2355F6F600757B11 /* Notification.storyboard */ = {isa = PBXFileReference; lastKnownFileType = file.storyboard; path = Notification.storyboard; sourceTree = "<group>"; };
		FA7EAFC12355F72200757B11 /* Profile.storyboard */ = {isa = PBXFileReference; lastKnownFileType = file.storyboard; path = Profile.storyboard; sourceTree = "<group>"; };
		FA7EAFC32355F72900757B11 /* ProfileViewController.swift */ = {isa = PBXFileReference; lastKnownFileType = sourcecode.swift; path = ProfileViewController.swift; sourceTree = "<group>"; };
		FA85ECC3234A5E7C00C6EBF4 /* SoBoon.app */ = {isa = PBXFileReference; explicitFileType = wrapper.application; includeInIndex = 0; path = SoBoon.app; sourceTree = BUILT_PRODUCTS_DIR; };
		FA85ECC6234A5E7C00C6EBF4 /* AppDelegate.swift */ = {isa = PBXFileReference; lastKnownFileType = sourcecode.swift; path = AppDelegate.swift; sourceTree = "<group>"; };
		FA85ECCD234A5E7C00C6EBF4 /* Base */ = {isa = PBXFileReference; lastKnownFileType = file.storyboard; name = Base; path = Base.lproj/Main.storyboard; sourceTree = "<group>"; };
		FA85ECCF234A5E7F00C6EBF4 /* Assets.xcassets */ = {isa = PBXFileReference; lastKnownFileType = folder.assetcatalog; path = Assets.xcassets; sourceTree = "<group>"; };
		FA85ECD2234A5E7F00C6EBF4 /* Base */ = {isa = PBXFileReference; lastKnownFileType = file.storyboard; name = Base; path = Base.lproj/LaunchScreen.storyboard; sourceTree = "<group>"; };
		FA85ECD4234A5E7F00C6EBF4 /* Info.plist */ = {isa = PBXFileReference; lastKnownFileType = text.plist.xml; path = Info.plist; sourceTree = "<group>"; };
		FA85ECED234B146300C6EBF4 /* NotificationViewController.swift */ = {isa = PBXFileReference; lastKnownFileType = sourcecode.swift; path = NotificationViewController.swift; sourceTree = "<group>"; };
		FA896A6C2360BF9800ED6597 /* CommentCell.swift */ = {isa = PBXFileReference; lastKnownFileType = sourcecode.swift; path = CommentCell.swift; sourceTree = "<group>"; };
		FA896A6D2360BF9800ED6597 /* CommentCell.xib */ = {isa = PBXFileReference; lastKnownFileType = file.xib; path = CommentCell.xib; sourceTree = "<group>"; };
		FA900629235A1A7500E517B4 /* FeedViewController.swift */ = {isa = PBXFileReference; lastKnownFileType = sourcecode.swift; path = FeedViewController.swift; sourceTree = "<group>"; };
		FAB6C6A623519AEB00572B74 /* Feed.storyboard */ = {isa = PBXFileReference; lastKnownFileType = file.storyboard; path = Feed.storyboard; sourceTree = "<group>"; };
		FAB6C6B223519B7E00572B74 /* BaseViewController.swift */ = {isa = PBXFileReference; lastKnownFileType = sourcecode.swift; path = BaseViewController.swift; sourceTree = "<group>"; };
		FAC8B18C236860290026C2C7 /* ReusableIdentifier.swift */ = {isa = PBXFileReference; lastKnownFileType = sourcecode.swift; path = ReusableIdentifier.swift; sourceTree = "<group>"; };
		FAC8B18F23686B280026C2C7 /* NotoSansCJKkr-DemiLight.otf */ = {isa = PBXFileReference; lastKnownFileType = file; path = "NotoSansCJKkr-DemiLight.otf"; sourceTree = "<group>"; };
		FAC8B19023686B290026C2C7 /* NotoSansCJKkr-Medium.otf */ = {isa = PBXFileReference; lastKnownFileType = file; path = "NotoSansCJKkr-Medium.otf"; sourceTree = "<group>"; };
		FAC8B19123686B2A0026C2C7 /* NotoSansCJKkr-Thin.otf */ = {isa = PBXFileReference; lastKnownFileType = file; path = "NotoSansCJKkr-Thin.otf"; sourceTree = "<group>"; };
		FAC8B19223686B2B0026C2C7 /* NotoSansCJKkr-Bold.otf */ = {isa = PBXFileReference; lastKnownFileType = file; path = "NotoSansCJKkr-Bold.otf"; sourceTree = "<group>"; };
		FAC8B19323686B2C0026C2C7 /* NotoSansCJKkr-Black.otf */ = {isa = PBXFileReference; lastKnownFileType = file; path = "NotoSansCJKkr-Black.otf"; sourceTree = "<group>"; };
		FAC8B19423686B2D0026C2C7 /* NotoSansCJKkr-Light.otf */ = {isa = PBXFileReference; lastKnownFileType = file; path = "NotoSansCJKkr-Light.otf"; sourceTree = "<group>"; };
		FAC8B19523686B2D0026C2C7 /* NotoSansCJKkr-Regular.otf */ = {isa = PBXFileReference; lastKnownFileType = file; path = "NotoSansCJKkr-Regular.otf"; sourceTree = "<group>"; };
		FAC8B19D23686F4B0026C2C7 /* UIFont+Custom.swift */ = {isa = PBXFileReference; lastKnownFileType = sourcecode.swift; path = "UIFont+Custom.swift"; sourceTree = "<group>"; };
		FAE9BA7A23634078008BE3E4 /* ProductViewController.swift */ = {isa = PBXFileReference; lastKnownFileType = sourcecode.swift; path = ProductViewController.swift; sourceTree = "<group>"; };
		FAE9BA7E23635CB4008BE3E4 /* FeedDetailImageCell.swift */ = {isa = PBXFileReference; lastKnownFileType = sourcecode.swift; path = FeedDetailImageCell.swift; sourceTree = "<group>"; };
		FAE9BA7F23635CB4008BE3E4 /* FeedDetailImageCell.xib */ = {isa = PBXFileReference; lastKnownFileType = file.xib; path = FeedDetailImageCell.xib; sourceTree = "<group>"; };
/* End PBXFileReference section */

/* Begin PBXFrameworksBuildPhase section */
		FA85ECC0234A5E7C00C6EBF4 /* Frameworks */ = {
			isa = PBXFrameworksBuildPhase;
			buildActionMask = 2147483647;
			files = (
			);
			runOnlyForDeploymentPostprocessing = 0;
		};
/* End PBXFrameworksBuildPhase section */

/* Begin PBXGroup section */
		FA051F5B2360B02A00A01418 /* Detail */ = {
			isa = PBXGroup;
			children = (
				FAE9BA7E23635CB4008BE3E4 /* FeedDetailImageCell.swift */,
				FAE9BA7F23635CB4008BE3E4 /* FeedDetailImageCell.xib */,
				FA051F5E2360B0DE00A01418 /* ProductDescriptionCell.swift */,
				FA051F5F2360B0DE00A01418 /* ProductDescriptionCell.xib */,
			);
			path = Detail;
			sourceTree = "<group>";
		};
		FA7EAFA42355F0F100757B11 /* Splash */ = {
			isa = PBXGroup;
			children = (
				FA7EAFA22355F0EA00757B11 /* Splash.storyboard */,
				FA7EAFA02355F0D800757B11 /* SplashViewController.swift */,
			);
			path = Splash;
			sourceTree = "<group>";
		};
		FA7EAFAE2355F36400757B11 /* Feed */ = {
			isa = PBXGroup;
			children = (
				FAC8B18B23685F310026C2C7 /* List */,
				FA051F5B2360B02A00A01418 /* Detail */,
				FAC8B18A23685E760026C2C7 /* Comment */,
			);
			path = Feed;
			sourceTree = "<group>";
		};
		FA7EAFAF2355F37300757B11 /* General */ = {
			isa = PBXGroup;
			children = (
				FA7EAFB52355F3E700757B11 /* InteractivePopRecognizer.swift */,
				FA48C8CF235633FA004FB593 /* GeneralNavigationView.xib */,
				FA48C8D12356340F004FB593 /* GeneralNavigationView.swift */,
				FA051F33235CCAEC00A01418 /* GeneralEmptyFooterView.swift */,
				FA051F31235CC99D00A01418 /* GeneralEmptyFooterView.xib */,
				FA051F5923602F2500A01418 /* GeneralGradientView.swift */,
			);
			path = General;
			sourceTree = "<group>";
		};
		FA7EAFB12355F38600757B11 /* Tabbar */ = {
			isa = PBXGroup;
			children = (
				FA7EAFB72355F3EF00757B11 /* FloatingTabbar.swift */,
				FA7EAFB82355F3EF00757B11 /* FloatingTabbar.xib */,
			);
			path = Tabbar;
			sourceTree = "<group>";
		};
		FA7EAFB22355F39400757B11 /* Feed */ = {
			isa = PBXGroup;
			children = (
				FA051F21235C411700A01418 /* FeedNavigationView.swift */,
				FA051F23235C412000A01418 /* FeedNavigationView.xib */,
				FA051F25235C430500A01418 /* FeedSearchView.swift */,
				FA051F27235C430D00A01418 /* FeedSearchView.xib */,
				FA051F2D235C4F9300A01418 /* FeedTitleHeaderView.swift */,
				FA051F2B235C4F6C00A01418 /* FeedTitleHeaderView.xib */,
			);
			path = Feed;
			sourceTree = "<group>";
		};
		FA7EAFC02355F71600757B11 /* Profile */ = {
			isa = PBXGroup;
			children = (
				FA7EAFC12355F72200757B11 /* Profile.storyboard */,
				FA7EAFC32355F72900757B11 /* ProfileViewController.swift */,
			);
			path = Profile;
			sourceTree = "<group>";
		};
		FA85ECBA234A5E7C00C6EBF4 = {
			isa = PBXGroup;
			children = (
				FA85ECC5234A5E7C00C6EBF4 /* SoBoon */,
				FA85ECC4234A5E7C00C6EBF4 /* Products */,
			);
			sourceTree = "<group>";
		};
		FA85ECC4234A5E7C00C6EBF4 /* Products */ = {
			isa = PBXGroup;
			children = (
				FA85ECC3234A5E7C00C6EBF4 /* SoBoon.app */,
			);
			name = Products;
			sourceTree = "<group>";
		};
		FA85ECC5234A5E7C00C6EBF4 /* SoBoon */ = {
			isa = PBXGroup;
			children = (
				FAB6C6AA23519B3A00572B74 /* Common */,
				FA7EAF9C2355F08100757B11 /* Constants.swift */,
				FA7EAF9E2355F09200757B11 /* GeneralHelper.swift */,
				FA85ECC6234A5E7C00C6EBF4 /* AppDelegate.swift */,
				FA6D4823234CB315007E0991 /* PostViewController.swift */,
				FA85ECD4234A5E7F00C6EBF4 /* Info.plist */,
				FA7EAFA42355F0F100757B11 /* Splash */,
				FAB6C6AF23519B5300572B74 /* Feed */,
				FAB6C6B023519B5700572B74 /* Notifications */,
				FA7EAFC02355F71600757B11 /* Profile */,
				FA85ECEC234B144800C6EBF4 /* View */,
				FA85ECCC234A5E7C00C6EBF4 /* Main.storyboard */,
				FAB6C6B123519B7500572B74 /* Base */,
				FAC8B18E23686AFE0026C2C7 /* Font */,
				FA85ECCF234A5E7F00C6EBF4 /* Assets.xcassets */,
				FA85ECD1234A5E7F00C6EBF4 /* LaunchScreen.storyboard */,
			);
			path = SoBoon;
			sourceTree = "<group>";
		};
		FA85ECEC234B144800C6EBF4 /* View */ = {
			isa = PBXGroup;
			children = (
			);
			path = View;
			sourceTree = "<group>";
		};
		FAB6C6AA23519B3A00572B74 /* Common */ = {
			isa = PBXGroup;
			children = (
				FAB6C6AB23519B4000572B74 /* Extensions */,
				FAB6C6AD23519B4700572B74 /* Cells */,
				FAB6C6AC23519B4400572B74 /* Views */,
				FAB6C6AE23519B4B00572B74 /* Models */,
			);
			path = Common;
			sourceTree = "<group>";
		};
		FAB6C6AB23519B4000572B74 /* Extensions */ = {
			isa = PBXGroup;
			children = (
				FA0A8C1B234C8AE300C469BC /* UIView+Extension.swift */,
				FA7EAFAC2355F34B00757B11 /* UIView+Shadow.swift */,
				FAC8B18C236860290026C2C7 /* ReusableIdentifier.swift */,
				FAC8B19D23686F4B0026C2C7 /* UIFont+Custom.swift */,
			);
			path = Extensions;
			sourceTree = "<group>";
		};
		FAB6C6AC23519B4400572B74 /* Views */ = {
			isa = PBXGroup;
			children = (
				FA7EAFAF2355F37300757B11 /* General */,
				FA7EAFB12355F38600757B11 /* Tabbar */,
				FA7EAFB22355F39400757B11 /* Feed */,
			);
			path = Views;
			sourceTree = "<group>";
		};
		FAB6C6AD23519B4700572B74 /* Cells */ = {
			isa = PBXGroup;
			children = (
				FA7EAFAE2355F36400757B11 /* Feed */,
			);
			path = Cells;
			sourceTree = "<group>";
		};
		FAB6C6AE23519B4B00572B74 /* Models */ = {
			isa = PBXGroup;
			children = (
				FA7EAFB32355F3D400757B11 /* TabItem.swift */,
			);
			path = Models;
			sourceTree = "<group>";
		};
		FAB6C6AF23519B5300572B74 /* Feed */ = {
			isa = PBXGroup;
			children = (
				FAB6C6A623519AEB00572B74 /* Feed.storyboard */,
				FA900629235A1A7500E517B4 /* FeedViewController.swift */,
				FAE9BA7A23634078008BE3E4 /* ProductViewController.swift */,
			);
			path = Feed;
			sourceTree = "<group>";
		};
		FAB6C6B023519B5700572B74 /* Notifications */ = {
			isa = PBXGroup;
			children = (
				FA7EAFBD2355F6F600757B11 /* Notification.storyboard */,
				FA85ECED234B146300C6EBF4 /* NotificationViewController.swift */,
			);
			path = Notifications;
			sourceTree = "<group>";
		};
		FAB6C6B123519B7500572B74 /* Base */ = {
			isa = PBXGroup;
			children = (
				FA7EAFA52355F15600757B11 /* Base.storyboard */,
				FAB6C6B223519B7E00572B74 /* BaseViewController.swift */,
				FA7EAFA82355F17000757B11 /* BaseCustomView.swift */,
				FA7EAFA72355F17000757B11 /* BaseTabBarViewController.swift */,
			);
			path = Base;
			sourceTree = "<group>";
		};
		FAC8B18A23685E760026C2C7 /* Comment */ = {
			isa = PBXGroup;
			children = (
				FA896A6C2360BF9800ED6597 /* CommentCell.swift */,
				FA896A6D2360BF9800ED6597 /* CommentCell.xib */,
			);
			path = Comment;
			sourceTree = "<group>";
		};
		FAC8B18B23685F310026C2C7 /* List */ = {
			isa = PBXGroup;
			children = (
				FA051F13235C33AD00A01418 /* FeedListCell.swift */,
				FA051F14235C33AD00A01418 /* FeedListCell.xib */,
				FA051F17235C3A7D00A01418 /* FeedCategoryListCell.swift */,
				FA051F18235C3A7D00A01418 /* FeedCategoryListCell.xib */,
				FA051F1D235C3C7B00A01418 /* FeedCategoryCell.swift */,
				FA051F1E235C3C7B00A01418 /* FeedCategoryCell.xib */,
			);
			path = List;
			sourceTree = "<group>";
		};
		FAC8B18E23686AFE0026C2C7 /* Font */ = {
			isa = PBXGroup;
			children = (
				FAC8B19323686B2C0026C2C7 /* NotoSansCJKkr-Black.otf */,
				FAC8B19223686B2B0026C2C7 /* NotoSansCJKkr-Bold.otf */,
				FAC8B18F23686B280026C2C7 /* NotoSansCJKkr-DemiLight.otf */,
				FAC8B19423686B2D0026C2C7 /* NotoSansCJKkr-Light.otf */,
				FAC8B19023686B290026C2C7 /* NotoSansCJKkr-Medium.otf */,
				FAC8B19523686B2D0026C2C7 /* NotoSansCJKkr-Regular.otf */,
				FAC8B19123686B2A0026C2C7 /* NotoSansCJKkr-Thin.otf */,
			);
			path = Font;
			sourceTree = "<group>";
		};
/* End PBXGroup section */

/* Begin PBXNativeTarget section */
		FA85ECC2234A5E7C00C6EBF4 /* SoBoon */ = {
			isa = PBXNativeTarget;
			buildConfigurationList = FA85ECD7234A5E7F00C6EBF4 /* Build configuration list for PBXNativeTarget "SoBoon" */;
			buildPhases = (
				FA85ECBF234A5E7C00C6EBF4 /* Sources */,
				FA85ECC0234A5E7C00C6EBF4 /* Frameworks */,
				FA85ECC1234A5E7C00C6EBF4 /* Resources */,
			);
			buildRules = (
			);
			dependencies = (
			);
			name = SoBoon;
			productName = SoBoon;
			productReference = FA85ECC3234A5E7C00C6EBF4 /* SoBoon.app */;
			productType = "com.apple.product-type.application";
		};
/* End PBXNativeTarget section */

/* Begin PBXProject section */
		FA85ECBB234A5E7C00C6EBF4 /* Project object */ = {
			isa = PBXProject;
			attributes = {
				LastSwiftUpdateCheck = 1100;
				LastUpgradeCheck = 1100;
				ORGANIZATIONNAME = cmindy;
				TargetAttributes = {
					FA85ECC2234A5E7C00C6EBF4 = {
						CreatedOnToolsVersion = 11.0;
					};
				};
			};
			buildConfigurationList = FA85ECBE234A5E7C00C6EBF4 /* Build configuration list for PBXProject "SoBoon" */;
			compatibilityVersion = "Xcode 9.3";
			developmentRegion = en;
			hasScannedForEncodings = 0;
			knownRegions = (
				en,
				Base,
			);
			mainGroup = FA85ECBA234A5E7C00C6EBF4;
			productRefGroup = FA85ECC4234A5E7C00C6EBF4 /* Products */;
			projectDirPath = "";
			projectRoot = "";
			targets = (
				FA85ECC2234A5E7C00C6EBF4 /* SoBoon */,
			);
		};
/* End PBXProject section */

/* Begin PBXResourcesBuildPhase section */
		FA85ECC1234A5E7C00C6EBF4 /* Resources */ = {
			isa = PBXResourcesBuildPhase;
			buildActionMask = 2147483647;
			files = (
				FAC8B19A23686B2D0026C2C7 /* NotoSansCJKkr-Black.otf in Resources */,
				FA051F24235C412000A01418 /* FeedNavigationView.xib in Resources */,
				FA85ECD3234A5E7F00C6EBF4 /* LaunchScreen.storyboard in Resources */,
				FAC8B19823686B2D0026C2C7 /* NotoSansCJKkr-Thin.otf in Resources */,
				FA7EAFBA2355F3EF00757B11 /* FloatingTabbar.xib in Resources */,
				FAB6C6A723519AEB00572B74 /* Feed.storyboard in Resources */,
				FAC8B19923686B2D0026C2C7 /* NotoSansCJKkr-Bold.otf in Resources */,
				FAC8B19B23686B2D0026C2C7 /* NotoSansCJKkr-Light.otf in Resources */,
				FA051F28235C430D00A01418 /* FeedSearchView.xib in Resources */,
				FA051F1A235C3A7D00A01418 /* FeedCategoryListCell.xib in Resources */,
				FA051F2C235C4F6C00A01418 /* FeedTitleHeaderView.xib in Resources */,
				FA7EAFC22355F72200757B11 /* Profile.storyboard in Resources */,
				FA051F20235C3C7B00A01418 /* FeedCategoryCell.xib in Resources */,
				FAC8B19C23686B2D0026C2C7 /* NotoSansCJKkr-Regular.otf in Resources */,
				FA7EAFBE2355F6F600757B11 /* Notification.storyboard in Resources */,
				FA051F16235C33AD00A01418 /* FeedListCell.xib in Resources */,
				FA85ECD0234A5E7F00C6EBF4 /* Assets.xcassets in Resources */,
				FA7EAFA32355F0EA00757B11 /* Splash.storyboard in Resources */,
				FAE9BA8123635CB4008BE3E4 /* FeedDetailImageCell.xib in Resources */,
				FAC8B19623686B2D0026C2C7 /* NotoSansCJKkr-DemiLight.otf in Resources */,
				FA7EAFA62355F15600757B11 /* Base.storyboard in Resources */,
				FA896A6F2360BF9800ED6597 /* CommentCell.xib in Resources */,
				FA051F612360B0DE00A01418 /* ProductDescriptionCell.xib in Resources */,
				FA48C8D0235633FA004FB593 /* GeneralNavigationView.xib in Resources */,
				FAC8B19723686B2D0026C2C7 /* NotoSansCJKkr-Medium.otf in Resources */,
				FA051F32235CC99D00A01418 /* GeneralEmptyFooterView.xib in Resources */,
				FA85ECCE234A5E7C00C6EBF4 /* Main.storyboard in Resources */,
			);
			runOnlyForDeploymentPostprocessing = 0;
		};
/* End PBXResourcesBuildPhase section */

/* Begin PBXSourcesBuildPhase section */
		FA85ECBF234A5E7C00C6EBF4 /* Sources */ = {
			isa = PBXSourcesBuildPhase;
			buildActionMask = 2147483647;
			files = (
				FA7EAFAA2355F17100757B11 /* BaseCustomView.swift in Sources */,
				FA7EAFAD2355F34B00757B11 /* UIView+Shadow.swift in Sources */,
				FA6D4824234CB315007E0991 /* PostViewController.swift in Sources */,
				FA7EAFB92355F3EF00757B11 /* FloatingTabbar.swift in Sources */,
				FA051F602360B0DE00A01418 /* ProductDescriptionCell.swift in Sources */,
				FA051F34235CCAEC00A01418 /* GeneralEmptyFooterView.swift in Sources */,
				FA051F22235C411700A01418 /* FeedNavigationView.swift in Sources */,
				FA7EAFA12355F0D800757B11 /* SplashViewController.swift in Sources */,
				FA0A8C1C234C8AE300C469BC /* UIView+Extension.swift in Sources */,
				FA85ECEE234B146300C6EBF4 /* NotificationViewController.swift in Sources */,
				FAE9BA7B23634078008BE3E4 /* ProductViewController.swift in Sources */,
				FA051F15235C33AD00A01418 /* FeedListCell.swift in Sources */,
				FA7EAFC42355F72900757B11 /* ProfileViewController.swift in Sources */,
				FA7EAF9D2355F08100757B11 /* Constants.swift in Sources */,
				FAB6C6B323519B7E00572B74 /* BaseViewController.swift in Sources */,
				FAE9BA8023635CB4008BE3E4 /* FeedDetailImageCell.swift in Sources */,
				FA896A6E2360BF9800ED6597 /* CommentCell.swift in Sources */,
				FA051F2E235C4F9300A01418 /* FeedTitleHeaderView.swift in Sources */,
				FA90062A235A1A7500E517B4 /* FeedViewController.swift in Sources */,
				FAC8B18D236860290026C2C7 /* ReusableIdentifier.swift in Sources */,
				FA051F26235C430500A01418 /* FeedSearchView.swift in Sources */,
				FA7EAFA92355F17100757B11 /* BaseTabBarViewController.swift in Sources */,
				FA85ECC7234A5E7C00C6EBF4 /* AppDelegate.swift in Sources */,
				FA051F19235C3A7D00A01418 /* FeedCategoryListCell.swift in Sources */,
				FAC8B19E23686F4B0026C2C7 /* UIFont+Custom.swift in Sources */,
				FA051F1F235C3C7B00A01418 /* FeedCategoryCell.swift in Sources */,
				FA7EAFB62355F3E700757B11 /* InteractivePopRecognizer.swift in Sources */,
				FA7EAFB42355F3D400757B11 /* TabItem.swift in Sources */,
				FA051F5A23602F2500A01418 /* GeneralGradientView.swift in Sources */,
				FA7EAF9F2355F09200757B11 /* GeneralHelper.swift in Sources */,
				FA48C8D22356340F004FB593 /* GeneralNavigationView.swift in Sources */,
			);
			runOnlyForDeploymentPostprocessing = 0;
		};
/* End PBXSourcesBuildPhase section */

/* Begin PBXVariantGroup section */
		FA85ECCC234A5E7C00C6EBF4 /* Main.storyboard */ = {
			isa = PBXVariantGroup;
			children = (
				FA85ECCD234A5E7C00C6EBF4 /* Base */,
			);
			name = Main.storyboard;
			sourceTree = "<group>";
		};
		FA85ECD1234A5E7F00C6EBF4 /* LaunchScreen.storyboard */ = {
			isa = PBXVariantGroup;
			children = (
				FA85ECD2234A5E7F00C6EBF4 /* Base */,
			);
			name = LaunchScreen.storyboard;
			sourceTree = "<group>";
		};
/* End PBXVariantGroup section */

/* Begin XCBuildConfiguration section */
		FA85ECD5234A5E7F00C6EBF4 /* Debug */ = {
			isa = XCBuildConfiguration;
			buildSettings = {
				ALWAYS_SEARCH_USER_PATHS = NO;
				CLANG_ANALYZER_NONNULL = YES;
				CLANG_ANALYZER_NUMBER_OBJECT_CONVERSION = YES_AGGRESSIVE;
				CLANG_CXX_LANGUAGE_STANDARD = "gnu++14";
				CLANG_CXX_LIBRARY = "libc++";
				CLANG_ENABLE_MODULES = YES;
				CLANG_ENABLE_OBJC_ARC = YES;
				CLANG_ENABLE_OBJC_WEAK = YES;
				CLANG_WARN_BLOCK_CAPTURE_AUTORELEASING = YES;
				CLANG_WARN_BOOL_CONVERSION = YES;
				CLANG_WARN_COMMA = YES;
				CLANG_WARN_CONSTANT_CONVERSION = YES;
				CLANG_WARN_DEPRECATED_OBJC_IMPLEMENTATIONS = YES;
				CLANG_WARN_DIRECT_OBJC_ISA_USAGE = YES_ERROR;
				CLANG_WARN_DOCUMENTATION_COMMENTS = YES;
				CLANG_WARN_EMPTY_BODY = YES;
				CLANG_WARN_ENUM_CONVERSION = YES;
				CLANG_WARN_INFINITE_RECURSION = YES;
				CLANG_WARN_INT_CONVERSION = YES;
				CLANG_WARN_NON_LITERAL_NULL_CONVERSION = YES;
				CLANG_WARN_OBJC_IMPLICIT_RETAIN_SELF = YES;
				CLANG_WARN_OBJC_LITERAL_CONVERSION = YES;
				CLANG_WARN_OBJC_ROOT_CLASS = YES_ERROR;
				CLANG_WARN_RANGE_LOOP_ANALYSIS = YES;
				CLANG_WARN_STRICT_PROTOTYPES = YES;
				CLANG_WARN_SUSPICIOUS_MOVE = YES;
				CLANG_WARN_UNGUARDED_AVAILABILITY = YES_AGGRESSIVE;
				CLANG_WARN_UNREACHABLE_CODE = YES;
				CLANG_WARN__DUPLICATE_METHOD_MATCH = YES;
				COPY_PHASE_STRIP = NO;
				DEBUG_INFORMATION_FORMAT = dwarf;
				ENABLE_STRICT_OBJC_MSGSEND = YES;
				ENABLE_TESTABILITY = YES;
				GCC_C_LANGUAGE_STANDARD = gnu11;
				GCC_DYNAMIC_NO_PIC = NO;
				GCC_NO_COMMON_BLOCKS = YES;
				GCC_OPTIMIZATION_LEVEL = 0;
				GCC_PREPROCESSOR_DEFINITIONS = (
					"DEBUG=1",
					"$(inherited)",
				);
				GCC_WARN_64_TO_32_BIT_CONVERSION = YES;
				GCC_WARN_ABOUT_RETURN_TYPE = YES_ERROR;
				GCC_WARN_UNDECLARED_SELECTOR = YES;
				GCC_WARN_UNINITIALIZED_AUTOS = YES_AGGRESSIVE;
				GCC_WARN_UNUSED_FUNCTION = YES;
				GCC_WARN_UNUSED_VARIABLE = YES;
				IPHONEOS_DEPLOYMENT_TARGET = 13.0;
				MTL_ENABLE_DEBUG_INFO = INCLUDE_SOURCE;
				MTL_FAST_MATH = YES;
				ONLY_ACTIVE_ARCH = YES;
				SDKROOT = iphoneos;
				SWIFT_ACTIVE_COMPILATION_CONDITIONS = DEBUG;
				SWIFT_OPTIMIZATION_LEVEL = "-Onone";
			};
			name = Debug;
		};
		FA85ECD6234A5E7F00C6EBF4 /* Release */ = {
			isa = XCBuildConfiguration;
			buildSettings = {
				ALWAYS_SEARCH_USER_PATHS = NO;
				CLANG_ANALYZER_NONNULL = YES;
				CLANG_ANALYZER_NUMBER_OBJECT_CONVERSION = YES_AGGRESSIVE;
				CLANG_CXX_LANGUAGE_STANDARD = "gnu++14";
				CLANG_CXX_LIBRARY = "libc++";
				CLANG_ENABLE_MODULES = YES;
				CLANG_ENABLE_OBJC_ARC = YES;
				CLANG_ENABLE_OBJC_WEAK = YES;
				CLANG_WARN_BLOCK_CAPTURE_AUTORELEASING = YES;
				CLANG_WARN_BOOL_CONVERSION = YES;
				CLANG_WARN_COMMA = YES;
				CLANG_WARN_CONSTANT_CONVERSION = YES;
				CLANG_WARN_DEPRECATED_OBJC_IMPLEMENTATIONS = YES;
				CLANG_WARN_DIRECT_OBJC_ISA_USAGE = YES_ERROR;
				CLANG_WARN_DOCUMENTATION_COMMENTS = YES;
				CLANG_WARN_EMPTY_BODY = YES;
				CLANG_WARN_ENUM_CONVERSION = YES;
				CLANG_WARN_INFINITE_RECURSION = YES;
				CLANG_WARN_INT_CONVERSION = YES;
				CLANG_WARN_NON_LITERAL_NULL_CONVERSION = YES;
				CLANG_WARN_OBJC_IMPLICIT_RETAIN_SELF = YES;
				CLANG_WARN_OBJC_LITERAL_CONVERSION = YES;
				CLANG_WARN_OBJC_ROOT_CLASS = YES_ERROR;
				CLANG_WARN_RANGE_LOOP_ANALYSIS = YES;
				CLANG_WARN_STRICT_PROTOTYPES = YES;
				CLANG_WARN_SUSPICIOUS_MOVE = YES;
				CLANG_WARN_UNGUARDED_AVAILABILITY = YES_AGGRESSIVE;
				CLANG_WARN_UNREACHABLE_CODE = YES;
				CLANG_WARN__DUPLICATE_METHOD_MATCH = YES;
				COPY_PHASE_STRIP = NO;
				DEBUG_INFORMATION_FORMAT = "dwarf-with-dsym";
				ENABLE_NS_ASSERTIONS = NO;
				ENABLE_STRICT_OBJC_MSGSEND = YES;
				GCC_C_LANGUAGE_STANDARD = gnu11;
				GCC_NO_COMMON_BLOCKS = YES;
				GCC_WARN_64_TO_32_BIT_CONVERSION = YES;
				GCC_WARN_ABOUT_RETURN_TYPE = YES_ERROR;
				GCC_WARN_UNDECLARED_SELECTOR = YES;
				GCC_WARN_UNINITIALIZED_AUTOS = YES_AGGRESSIVE;
				GCC_WARN_UNUSED_FUNCTION = YES;
				GCC_WARN_UNUSED_VARIABLE = YES;
				IPHONEOS_DEPLOYMENT_TARGET = 13.0;
				MTL_ENABLE_DEBUG_INFO = NO;
				MTL_FAST_MATH = YES;
				SDKROOT = iphoneos;
				SWIFT_COMPILATION_MODE = wholemodule;
				SWIFT_OPTIMIZATION_LEVEL = "-O";
				VALIDATE_PRODUCT = YES;
			};
			name = Release;
		};
		FA85ECD8234A5E7F00C6EBF4 /* Debug */ = {
			isa = XCBuildConfiguration;
			buildSettings = {
				ASSETCATALOG_COMPILER_APPICON_NAME = AppIcon;
				CODE_SIGN_STYLE = Automatic;
				DEVELOPMENT_TEAM = 7RXS7SV267;
				INFOPLIST_FILE = SoBoon/Info.plist;
				LD_RUNPATH_SEARCH_PATHS = (
					"$(inherited)",
					"@executable_path/Frameworks",
				);
				PRODUCT_BUNDLE_IDENTIFIER = com.cmindy.SoBoon;
				PRODUCT_NAME = "$(TARGET_NAME)";
				SWIFT_VERSION = 5.0;
				TARGETED_DEVICE_FAMILY = "1,2";
			};
			name = Debug;
		};
		FA85ECD9234A5E7F00C6EBF4 /* Release */ = {
			isa = XCBuildConfiguration;
			buildSettings = {
				ASSETCATALOG_COMPILER_APPICON_NAME = AppIcon;
				CODE_SIGN_STYLE = Automatic;
				DEVELOPMENT_TEAM = 7RXS7SV267;
				INFOPLIST_FILE = SoBoon/Info.plist;
				LD_RUNPATH_SEARCH_PATHS = (
					"$(inherited)",
					"@executable_path/Frameworks",
				);
				PRODUCT_BUNDLE_IDENTIFIER = com.cmindy.SoBoon;
				PRODUCT_NAME = "$(TARGET_NAME)";
				SWIFT_VERSION = 5.0;
				TARGETED_DEVICE_FAMILY = "1,2";
			};
			name = Release;
		};
/* End XCBuildConfiguration section */

/* Begin XCConfigurationList section */
		FA85ECBE234A5E7C00C6EBF4 /* Build configuration list for PBXProject "SoBoon" */ = {
			isa = XCConfigurationList;
			buildConfigurations = (
				FA85ECD5234A5E7F00C6EBF4 /* Debug */,
				FA85ECD6234A5E7F00C6EBF4 /* Release */,
			);
			defaultConfigurationIsVisible = 0;
			defaultConfigurationName = Release;
		};
		FA85ECD7234A5E7F00C6EBF4 /* Build configuration list for PBXNativeTarget "SoBoon" */ = {
			isa = XCConfigurationList;
			buildConfigurations = (
				FA85ECD8234A5E7F00C6EBF4 /* Debug */,
				FA85ECD9234A5E7F00C6EBF4 /* Release */,
			);
			defaultConfigurationIsVisible = 0;
			defaultConfigurationName = Release;
		};
/* End XCConfigurationList section */
	};
	rootObject = FA85ECBB234A5E7C00C6EBF4 /* Project object */;
}
